{
  "name": "sub-gateway",
  "version": "1.0.0",
  "lockfileVersion": 3,
  "requires": true,
  "packages": {
    "": {
      "name": "sub-gateway",
      "version": "1.0.0",
      "dependencies": {
        "ipaddr.js": "^2.2.0",
        "js-yaml": "^4.1.0",
        "maxmind": "^4.3.24"
      },
      "engines": {
        "node": ">=18"
      }
    },
    "node_modules/argparse": {
      "version": "2.0.1",
      "resolved": "https://registry.npmjs.org/argparse/-/argparse-2.0.1.tgz",
      "integrity": "sha512-8+9WqebbFzpX9OR+Wa6O29asIogeRMzcGtAINdpMHHyAg10f05aSFVBbcEqGf/PXw1EjAZ+q2/bEBg3DvurK3Q==",
      "license": "Python-2.0"
    },
    "node_modules/ipaddr.js": {
      "version": "2.4.0",
      "resolved": "https://registry.npmjs.org/ipaddr.js/-/ipaddr.js-2.4.0.tgz",
      "integrity": "sha512-9VGk3HGanVE6JoZXHiCpnGy5X0jYDnN4EA4lntFPj+1vIWlFhIylq2CrrCOJH9EAhc5CYhq18F2Av2tgoAPsYQ==",
      "license": "MIT",
      "engines": {
        "node": ">= 10"
      }
    },
    "node_modules/js-yaml": {
      "version": "4.3.0",
      "resolved": "https://registry.npmjs.org/js-yaml/-/js-yaml-4.3.0.tgz",
      "integrity": "sha512-1td788aAnnZ5qs7V2QIRl1owjtYpbKt749Y3xauqQgwIIGF/xXWz1wMTEBx5O3LK3lXLVuqXPdPxj2BoFHaW9Q==",
      "funding": [
        {
          "type": "github",
          "url": "https://github.com/sponsors/puzrin"
        },
        {
          "type": "github",
          "url": "https://github.com/sponsors/nodeca"
        }
      ],
      "license": "MIT",
      "dependencies": {
        "argparse": "^2.0.1"
      },
      "bin": {
        "js-yaml": "bin/js-yaml.js"
      }
    },
    "node_modules/maxmind": {
      "version": "4.3.29",
      "resolved": "https://registry.npmjs.org/maxmind/-/maxmind-4.3.29.tgz",
      "integrity": "sha512-Vxx0rh7omBekjZnsDxpw35SrGGM3Uy7NoIKWzZlvh3UcjihGaySR8n+YSQ8YBseCvhEn+yehA98rZkTDW+uhPw==",
      "license": "MIT",
      "dependencies": {
        "mmdb-lib": "2.2.1",
        "tiny-lru": "11.3.4"
      },
      "engines": {
        "node": ">=12",
        "npm": ">=6"
      }
    },
    "node_modules/mmdb-lib": {
      "version": "2.2.1",
      "resolved": "https://registry.npmjs.org/mmdb-lib/-/mmdb-lib-2.2.1.tgz",
      "integrity": "sha512-DXO4L9W+08T+A7h5+xdT32l7IMot8z7WOH+7C1Maol571PnktQ8un7Ni4CyPFp4H+vht/FDA5/tpjRvWMFQDMw==",
      "license": "MIT",
      "engines": {
        "node": ">=10",
        "npm": ">=6"
      }
    },
    "node_modules/tiny-lru": {
      "version": "11.3.4",
      "resolved": "https://registry.npmjs.org/tiny-lru/-/tiny-lru-11.3.4.tgz",
      "integrity": "sha512-UxWEfRKpFCabAf6fkTNdlfSw/RDUJ/4C6i1aLZaDnGF82PERHyYhz5CMCVYXtLt34LbqgfpJ2bjmgGKgxuF/6A==",
      "license": "BSD-3-Clause",
      "engines": {
        "node": ">=12"
      }
    }
  }
}
